// !$*UTF8*$!
{
	archiveVersion = 1;
	classes = {
	};
	objectVersion = 48;
	objects = {

/* Begin PBXBuildFile section */
		2C256CAB1F990320004F8E5B /* AppDelegate.m in Sources */ = {isa = PBXBuildFile; fileRef = 2C256CAA1F990320004F8E5B /* AppDelegate.m */; };
		2C256CAE1F990320004F8E5B /* ViewController.m in Sources */ = {isa = PBXBuildFile; fileRef = 2C256CAD1F990320004F8E5B /* ViewController.m */; };
		2C256CB01F990320004F8E5B /* Assets.xcassets in Resources */ = {isa = PBXBuildFile; fileRef = 2C256CAF1F990320004F8E5B /* Assets.xcassets */; };
		2C256CB31F990320004F8E5B /* Main.storyboard in Resources */ = {isa = PBXBuildFile; fileRef = 2C256CB11F990320004F8E5B /* Main.storyboard */; };
		2C256CB61F990320004F8E5B /* main.m in Sources */ = {isa = PBXBuildFile; fileRef = 2C256CB51F990320004F8E5B /* main.m */; };
		2C256CC11F990320004F8E5B /* Requirement_EditorTests.m in Sources */ = {isa = PBXBuildFile; fileRef = 2C256CC01F990320004F8E5B /* Requirement_EditorTests.m */; };
		2C256CCC1F990320004F8E5B /* Requirement_EditorUITests.m in Sources */ = {isa = PBXBuildFile; fileRef = 2C256CCB1F990320004F8E5B /* Requirement_EditorUITests.m */; };
		2CC0CC641FA0D0AA001737F5 /* XmlParserDelegate.m in Sources */ = {isa = PBXBuildFile; fileRef = 2CC0CC631FA0D0AA001737F5 /* XmlParserDelegate.m */; };
		2CC0CC681FA0E308001737F5 /* Requirement.m in Sources */ = {isa = PBXBuildFile; fileRef = 2CC0CC671FA0E308001737F5 /* Requirement.m */; };
		2CC0CC6B1FA0F787001737F5 /* Association.m in Sources */ = {isa = PBXBuildFile; fileRef = 2CC0CC6A1FA0F787001737F5 /* Association.m */; };
		2CC0CC6E1FA12637001737F5 /* TestExecElement.m in Sources */ = {isa = PBXBuildFile; fileRef = 2CC0CC6D1FA12637001737F5 /* TestExecElement.m */; };
/* End PBXBuildFile section */

/* Begin PBXContainerItemProxy section */
		2C256CBD1F990320004F8E5B /* PBXContainerItemProxy */ = {
			isa = PBXContainerItemProxy;
			containerPortal = 2C256C9E1F990320004F8E5B /* Project object */;
			proxyType = 1;
			remoteGlobalIDString = 2C256CA51F990320004F8E5B;
			remoteInfo = "Requirement Editor";
		};
		2C256CC81F990320004F8E5B /* PBXContainerItemProxy */ = {
			isa = PBXContainerItemProxy;
			containerPortal = 2C256C9E1F990320004F8E5B /* Project object */;
			proxyType = 1;
			remoteGlobalIDString = 2C256CA51F990320004F8E5B;
			remoteInfo = "Requirement Editor";
		};
/* End PBXContainerItemProxy section */

/* Begin PBXFileReference section */
		2C256CA61F990320004F8E5B /* Requirement Editor.app */ = {isa = PBXFileReference; explicitFileType = wrapper.application; includeInIndex = 0; path = "Requirement Editor.app"; sourceTree = BUILT_PRODUCTS_DIR; };
		2C256CA91F990320004F8E5B /* AppDelegate.h */ = {isa = PBXFileReference; lastKnownFileType = sourcecode.c.h; path = AppDelegate.h; sourceTree = "<group>"; };
		2C256CAA1F990320004F8E5B /* AppDelegate.m */ = {isa = PBXFileReference; lastKnownFileType = sourcecode.c.objc; path = AppDelegate.m; sourceTree = "<group>"; };
		2C256CAC1F990320004F8E5B /* ViewController.h */ = {isa = PBXFileReference; lastKnownFileType = sourcecode.c.h; path = ViewController.h; sourceTree = "<group>"; };
		2C256CAD1F990320004F8E5B /* ViewController.m */ = {isa = PBXFileReference; lastKnownFileType = sourcecode.c.objc; path = ViewController.m; sourceTree = "<group>"; };
		2C256CAF1F990320004F8E5B /* Assets.xcassets */ = {isa = PBXFileReference; lastKnownFileType = folder.assetcatalog; path = Assets.xcassets; sourceTree = "<group>"; };
		2C256CB21F990320004F8E5B /* Base */ = {isa = PBXFileReference; lastKnownFileType = file.storyboard; name = Base; path = Base.lproj/Main.storyboard; sourceTree = "<group>"; };
		2C256CB41F990320004F8E5B /* Info.plist */ = {isa = PBXFileReference; lastKnownFileType = text.plist.xml; path = Info.plist; sourceTree = "<group>"; };
		2C256CB51F990320004F8E5B /* main.m */ = {isa = PBXFileReference; lastKnownFileType = sourcecode.c.objc; path = main.m; sourceTree = "<group>"; };
		2C256CB71F990320004F8E5B /* Requirement_Editor.entitlements */ = {isa = PBXFileReference; lastKnownFileType = text.plist.entitlements; path = Requirement_Editor.entitlements; sourceTree = "<group>"; };
		2C256CBC1F990320004F8E5B /* Requirement EditorTests.xctest */ = {isa = PBXFileReference; explicitFileType = wrapper.cfbundle; includeInIndex = 0; path = "Requirement EditorTests.xctest"; sourceTree = BUILT_PRODUCTS_DIR; };
		2C256CC01F990320004F8E5B /* Requirement_EditorTests.m */ = {isa = PBXFileReference; lastKnownFileType = sourcecode.c.objc; path = Requirement_EditorTests.m; sourceTree = "<group>"; };
		2C256CC21F990320004F8E5B /* Info.plist */ = {isa = PBXFileReference; lastKnownFileType = text.plist.xml; path = Info.plist; sourceTree = "<group>"; };
		2C256CC71F990320004F8E5B /* Requirement EditorUITests.xctest */ = {isa = PBXFileReference; explicitFileType = wrapper.cfbundle; includeInIndex = 0; path = "Requirement EditorUITests.xctest"; sourceTree = BUILT_PRODUCTS_DIR; };
		2C256CCB1F990320004F8E5B /* Requirement_EditorUITests.m */ = {isa = PBXFileReference; lastKnownFileType = sourcecode.c.objc; path = Requirement_EditorUITests.m; sourceTree = "<group>"; };
		2C256CCD1F990320004F8E5B /* Info.plist */ = {isa = PBXFileReference; lastKnownFileType = text.plist.xml; path = Info.plist; sourceTree = "<group>"; };
		2CC0CC631FA0D0AA001737F5 /* XmlParserDelegate.m */ = {isa = PBXFileReference; lastKnownFileType = sourcecode.c.objc; path = XmlParserDelegate.m; sourceTree = "<group>"; };
		2CC0CC651FA0D10E001737F5 /* XmlParserDelegate.h */ = {isa = PBXFileReference; lastKnownFileType = sourcecode.c.h; path = XmlParserDelegate.h; sourceTree = "<group>"; };
		2CC0CC661FA0E285001737F5 /* Requirement.h */ = {isa = PBXFileReference; lastKnownFileType = sourcecode.c.h; path = Requirement.h; sourceTree = "<group>"; };
		2CC0CC671FA0E308001737F5 /* Requirement.m */ = {isa = PBXFileReference; lastKnownFileType = sourcecode.c.objc; path = Requirement.m; sourceTree = "<group>"; };
		2CC0CC691FA0F70C001737F5 /* Association.h */ = {isa = PBXFileReference; lastKnownFileType = sourcecode.c.h; path = Association.h; sourceTree = "<group>"; };
		2CC0CC6A1FA0F787001737F5 /* Association.m */ = {isa = PBXFileReference; lastKnownFileType = sourcecode.c.objc; path = Association.m; sourceTree = "<group>"; };
		2CC0CC6C1FA12402001737F5 /* TestExecElement.h */ = {isa = PBXFileReference; lastKnownFileType = sourcecode.c.h; path = TestExecElement.h; sourceTree = "<group>"; };
		2CC0CC6D1FA12637001737F5 /* TestExecElement.m */ = {isa = PBXFileReference; lastKnownFileType = sourcecode.c.objc; path = TestExecElement.m; sourceTree = "<group>"; };
/* End PBXFileReference section */

/* Begin PBXFrameworksBuildPhase section */
		2C256CA31F990320004F8E5B /* Frameworks */ = {
			isa = PBXFrameworksBuildPhase;
			buildActionMask = 2147483647;
			files = (
			);
			runOnlyForDeploymentPostprocessing = 0;
		};
		2C256CB91F990320004F8E5B /* Frameworks */ = {
			isa = PBXFrameworksBuildPhase;
			buildActionMask = 2147483647;
			files = (
			);
			runOnlyForDeploymentPostprocessing = 0;
		};
		2C256CC41F990320004F8E5B /* Frameworks */ = {
			isa = PBXFrameworksBuildPhase;
			buildActionMask = 2147483647;
			files = (
			);
			runOnlyForDeploymentPostprocessing = 0;
		};
/* End PBXFrameworksBuildPhase section */

/* Begin PBXGroup section */
		2C256C9D1F990320004F8E5B = {
			isa = PBXGroup;
			children = (
				2C256CA81F990320004F8E5B /* Requirement Editor */,
				2C256CBF1F990320004F8E5B /* Requirement EditorTests */,
				2C256CCA1F990320004F8E5B /* Requirement EditorUITests */,
				2C256CA71F990320004F8E5B /* Products */,
			);
			sourceTree = "<group>";
		};
		2C256CA71F990320004F8E5B /* Products */ = {
			isa = PBXGroup;
			children = (
				2C256CA61F990320004F8E5B /* Requirement Editor.app */,
				2C256CBC1F990320004F8E5B /* Requirement EditorTests.xctest */,
				2C256CC71F990320004F8E5B /* Requirement EditorUITests.xctest */,
			);
			name = Products;
			sourceTree = "<group>";
		};
		2C256CA81F990320004F8E5B /* Requirement Editor */ = {
			isa = PBXGroup;
			children = (
				2C256CA91F990320004F8E5B /* AppDelegate.h */,
				2C256CAA1F990320004F8E5B /* AppDelegate.m */,
				2C256CAC1F990320004F8E5B /* ViewController.h */,
				2C256CAD1F990320004F8E5B /* ViewController.m */,
				2C256CAF1F990320004F8E5B /* Assets.xcassets */,
				2C256CB11F990320004F8E5B /* Main.storyboard */,
				2C256CB41F990320004F8E5B /* Info.plist */,
				2C256CB51F990320004F8E5B /* main.m */,
				2C256CB71F990320004F8E5B /* Requirement_Editor.entitlements */,
				2CC0CC631FA0D0AA001737F5 /* XmlParserDelegate.m */,
				2CC0CC651FA0D10E001737F5 /* XmlParserDelegate.h */,
				2CC0CC691FA0F70C001737F5 /* Association.h */,
				2CC0CC6A1FA0F787001737F5 /* Association.m */,
				2CC0CC661FA0E285001737F5 /* Requirement.h */,
				2CC0CC671FA0E308001737F5 /* Requirement.m */,
				2CC0CC6C1FA12402001737F5 /* TestExecElement.h */,
				2CC0CC6D1FA12637001737F5 /* TestExecElement.m */,
			);
			path = "Requirement Editor";
			sourceTree = "<group>";
		};
		2C256CBF1F990320004F8E5B /* Requirement EditorTests */ = {
			isa = PBXGroup;
			children = (
				2C256CC01F990320004F8E5B /* Requirement_EditorTests.m */,
				2C256CC21F990320004F8E5B /* Info.plist */,
			);
			path = "Requirement EditorTests";
			sourceTree = "<group>";
		};
		2C256CCA1F990320004F8E5B /* Requirement EditorUITests */ = {
			isa = PBXGroup;
			children = (
				2C256CCB1F990320004F8E5B /* Requirement_EditorUITests.m */,
				2C256CCD1F990320004F8E5B /* Info.plist */,
			);
			path = "Requirement EditorUITests";
			sourceTree = "<group>";
		};
/* End PBXGroup section */

/* Begin PBXNativeTarget section */
		2C256CA51F990320004F8E5B /* Requirement Editor */ = {
			isa = PBXNativeTarget;
			buildConfigurationList = 2C256CD01F990320004F8E5B /* Build configuration list for PBXNativeTarget "Requirement Editor" */;
			buildPhases = (
				2C256CA21F990320004F8E5B /* Sources */,
				2C256CA31F990320004F8E5B /* Frameworks */,
				2C256CA41F990320004F8E5B /* Resources */,
			);
			buildRules = (
			);
			dependencies = (
			);
			name = "Requirement Editor";
			productName = "Requirement Editor";
			productReference = 2C256CA61F990320004F8E5B /* Requirement Editor.app */;
			productType = "com.apple.product-type.application";
		};
		2C256CBB1F990320004F8E5B /* Requirement EditorTests */ = {
			isa = PBXNativeTarget;
			buildConfigurationList = 2C256CD31F990320004F8E5B /* Build configuration list for PBXNativeTarget "Requirement EditorTests" */;
			buildPhases = (
				2C256CB81F990320004F8E5B /* Sources */,
				2C256CB91F990320004F8E5B /* Frameworks */,
				2C256CBA1F990320004F8E5B /* Resources */,
			);
			buildRules = (
			);
			dependencies = (
				2C256CBE1F990320004F8E5B /* PBXTargetDependency */,
			);
			name = "Requirement EditorTests";
			productName = "Requirement EditorTests";
			productReference = 2C256CBC1F990320004F8E5B /* Requirement EditorTests.xctest */;
			productType = "com.apple.product-type.bundle.unit-test";
		};
		2C256CC61F990320004F8E5B /* Requirement EditorUITests */ = {
			isa = PBXNativeTarget;
			buildConfigurationList = 2C256CD61F990320004F8E5B /* Build configuration list for PBXNativeTarget "Requirement EditorUITests" */;
			buildPhases = (
				2C256CC31F990320004F8E5B /* Sources */,
				2C256CC41F990320004F8E5B /* Frameworks */,
				2C256CC51F990320004F8E5B /* Resources */,
			);
			buildRules = (
			);
			dependencies = (
				2C256CC91F990320004F8E5B /* PBXTargetDependency */,
			);
			name = "Requirement EditorUITests";
			productName = "Requirement EditorUITests";
			productReference = 2C256CC71F990320004F8E5B /* Requirement EditorUITests.xctest */;
			productType = "com.apple.product-type.bundle.ui-testing";
		};
/* End PBXNativeTarget section */

/* Begin PBXProject section */
		2C256C9E1F990320004F8E5B /* Project object */ = {
			isa = PBXProject;
			attributes = {
				LastUpgradeCheck = 0900;
				ORGANIZATIONNAME = etbits.coms;
				TargetAttributes = {
					2C256CA51F990320004F8E5B = {
						CreatedOnToolsVersion = 9.0.1;
						ProvisioningStyle = Automatic;
					};
					2C256CBB1F990320004F8E5B = {
						CreatedOnToolsVersion = 9.0.1;
						ProvisioningStyle = Automatic;
						TestTargetID = 2C256CA51F990320004F8E5B;
					};
					2C256CC61F990320004F8E5B = {
						CreatedOnToolsVersion = 9.0.1;
						ProvisioningStyle = Automatic;
						TestTargetID = 2C256CA51F990320004F8E5B;
					};
				};
			};
			buildConfigurationList = 2C256CA11F990320004F8E5B /* Build configuration list for PBXProject "Requirement Editor" */;
			compatibilityVersion = "Xcode 8.0";
			developmentRegion = en;
			hasScannedForEncodings = 0;
			knownRegions = (
				en,
				Base,
			);
			mainGroup = 2C256C9D1F990320004F8E5B;
			productRefGroup = 2C256CA71F990320004F8E5B /* Products */;
			projectDirPath = "";
			projectRoot = "";
			targets = (
				2C256CA51F990320004F8E5B /* Requirement Editor */,
				2C256CBB1F990320004F8E5B /* Requirement EditorTests */,
				2C256CC61F990320004F8E5B /* Requirement EditorUITests */,
			);
		};
/* End PBXProject section */

/* Begin PBXResourcesBuildPhase section */
		2C256CA41F990320004F8E5B /* Resources */ = {
			isa = PBXResourcesBuildPhase;
			buildActionMask = 2147483647;
			files = (
				2C256CB01F990320004F8E5B /* Assets.xcassets in Resources */,
				2C256CB31F990320004F8E5B /* Main.storyboard in Resources */,
			);
			runOnlyForDeploymentPostprocessing = 0;
		};
		2C256CBA1F990320004F8E5B /* Resources */ = {
			isa = PBXResourcesBuildPhase;
			buildActionMask = 2147483647;
			files = (
			);
			runOnlyForDeploymentPostprocessing = 0;
		};
		2C256CC51F990320004F8E5B /* Resources */ = {
			isa = PBXResourcesBuildPhase;
			buildActionMask = 2147483647;
			files = (
			);
			runOnlyForDeploymentPostprocessing = 0;
		};
/* End PBXResourcesBuildPhase section */

/* Begin PBXSourcesBuildPhase section */
		2C256CA21F990320004F8E5B /* Sources */ = {
			isa = PBXSourcesBuildPhase;
			buildActionMask = 2147483647;
			files = (
				2C256CAE1F990320004F8E5B /* ViewController.m in Sources */,
				2CC0CC681FA0E308001737F5 /* Requirement.m in Sources */,
				2C256CB61F990320004F8E5B /* main.m in Sources */,
				2C256CAB1F990320004F8E5B /* AppDelegate.m in Sources */,
				2CC0CC641FA0D0AA001737F5 /* XmlParserDelegate.m in Sources */,
				2CC0CC6B1FA0F787001737F5 /* Association.m in Sources */,
				2CC0CC6E1FA12637001737F5 /* TestExecElement.m in Sources */,
			);
			runOnlyForDeploymentPostprocessing = 0;
		};
		2C256CB81F990320004F8E5B /* Sources */ = {
			isa = PBXSourcesBuildPhase;
			buildActionMask = 2147483647;
			files = (
				2C256CC11F990320004F8E5B /* Requirement_EditorTests.m in Sources */,
			);
			runOnlyForDeploymentPostprocessing = 0;
		};
		2C256CC31F990320004F8E5B /* Sources */ = {
			isa = PBXSourcesBuildPhase;
			buildActionMask = 2147483647;
			files = (
				2C256CCC1F990320004F8E5B /* Requirement_EditorUITests.m in Sources */,
			);
			runOnlyForDeploymentPostprocessing = 0;
		};
/* End PBXSourcesBuildPhase section */

/* Begin PBXTargetDependency section */
		2C256CBE1F990320004F8E5B /* PBXTargetDependency */ = {
			isa = PBXTargetDependency;
			target = 2C256CA51F990320004F8E5B /* Requirement Editor */;
			targetProxy = 2C256CBD1F990320004F8E5B /* PBXContainerItemProxy */;
		};
		2C256CC91F990320004F8E5B /* PBXTargetDependency */ = {
			isa = PBXTargetDependency;
			target = 2C256CA51F990320004F8E5B /* Requirement Editor */;
			targetProxy = 2C256CC81F990320004F8E5B /* PBXContainerItemProxy */;
		};
/* End PBXTargetDependency section */

/* Begin PBXVariantGroup section */
		2C256CB11F990320004F8E5B /* Main.storyboard */ = {
			isa = PBXVariantGroup;
			children = (
				2C256CB21F990320004F8E5B /* Base */,
			);
			name = Main.storyboard;
			sourceTree = "<group>";
		};
/* End PBXVariantGroup section */

/* Begin XCBuildConfiguration section */
		2C256CCE1F990320004F8E5B /* Debug */ = {
			isa = XCBuildConfiguration;
			buildSettings = {
				ALWAYS_SEARCH_USER_PATHS = NO;
				CLANG_ANALYZER_NONNULL = YES;
				CLANG_ANALYZER_NUMBER_OBJECT_CONVERSION = YES_AGGRESSIVE;
				CLANG_CXX_LANGUAGE_STANDARD = "gnu++14";
				CLANG_CXX_LIBRARY = "libc++";
				CLANG_ENABLE_MODULES = YES;
				CLANG_ENABLE_OBJC_ARC = YES;
				CLANG_WARN_BLOCK_CAPTURE_AUTORELEASING = YES;
				CLANG_WARN_BOOL_CONVERSION = YES;
				CLANG_WARN_COMMA = YES;
				CLANG_WARN_CONSTANT_CONVERSION = YES;
				CLANG_WARN_DIRECT_OBJC_ISA_USAGE = YES_ERROR;
				CLANG_WARN_DOCUMENTATION_COMMENTS = YES;
				CLANG_WARN_EMPTY_BODY = YES;
				CLANG_WARN_ENUM_CONVERSION = YES;
				CLANG_WARN_INFINITE_RECURSION = YES;
				CLANG_WARN_INT_CONVERSION = YES;
				CLANG_WARN_NON_LITERAL_NULL_CONVERSION = YES;
				CLANG_WARN_OBJC_LITERAL_CONVERSION = YES;
				CLANG_WARN_OBJC_ROOT_CLASS = YES_ERROR;
				CLANG_WARN_RANGE_LOOP_ANALYSIS = YES;
				CLANG_WARN_STRICT_PROTOTYPES = YES;
				CLANG_WARN_SUSPICIOUS_MOVE = YES;
				CLANG_WARN_UNGUARDED_AVAILABILITY = YES_AGGRESSIVE;
				CLANG_WARN_UNREACHABLE_CODE = YES;
				CLANG_WARN__DUPLICATE_METHOD_MATCH = YES;
				CODE_SIGN_IDENTITY = "-";
				COPY_PHASE_STRIP = NO;
				DEBUG_INFORMATION_FORMAT = dwarf;
				ENABLE_STRICT_OBJC_MSGSEND = YES;
				ENABLE_TESTABILITY = YES;
				GCC_C_LANGUAGE_STANDARD = gnu11;
				GCC_DYNAMIC_NO_PIC = NO;
				GCC_NO_COMMON_BLOCKS = YES;
				GCC_OPTIMIZATION_LEVEL = 0;
				GCC_PREPROCESSOR_DEFINITIONS = (
					"DEBUG=1",
					"$(inherited)",
				);
				GCC_WARN_64_TO_32_BIT_CONVERSION = YES;
				GCC_WARN_ABOUT_RETURN_TYPE = YES_ERROR;
				GCC_WARN_UNDECLARED_SELECTOR = YES;
				GCC_WARN_UNINITIALIZED_AUTOS = YES_AGGRESSIVE;
				GCC_WARN_UNUSED_FUNCTION = YES;
				GCC_WARN_UNUSED_VARIABLE = YES;
				MACOSX_DEPLOYMENT_TARGET = 10.12;
				MTL_ENABLE_DEBUG_INFO = YES;
				ONLY_ACTIVE_ARCH = YES;
				SDKROOT = macosx;
			};
			name = Debug;
		};
		2C256CCF1F990320004F8E5B /* Release */ = {
			isa = XCBuildConfiguration;
			buildSettings = {
				ALWAYS_SEARCH_USER_PATHS = NO;
				CLANG_ANALYZER_NONNULL = YES;
				CLANG_ANALYZER_NUMBER_OBJECT_CONVERSION = YES_AGGRESSIVE;
				CLANG_CXX_LANGUAGE_STANDARD = "gnu++14";
				CLANG_CXX_LIBRARY = "libc++";
				CLANG_ENABLE_MODULES = YES;
				CLANG_ENABLE_OBJC_ARC = YES;
				CLANG_WARN_BLOCK_CAPTURE_AUTORELEASING = YES;
				CLANG_WARN_BOOL_CONVERSION = YES;
				CLANG_WARN_COMMA = YES;
				CLANG_WARN_CONSTANT_CONVERSION = YES;
				CLANG_WARN_DIRECT_OBJC_ISA_USAGE = YES_ERROR;
				CLANG_WARN_DOCUMENTATION_COMMENTS = YES;
				CLANG_WARN_EMPTY_BODY = YES;
				CLANG_WARN_ENUM_CONVERSION = YES;
				CLANG_WARN_INFINITE_RECURSION = YES;
				CLANG_WARN_INT_CONVERSION = YES;
				CLANG_WARN_NON_LITERAL_NULL_CONVERSION = YES;
				CLANG_WARN_OBJC_LITERAL_CONVERSION = YES;
				CLANG_WARN_OBJC_ROOT_CLASS = YES_ERROR;
				CLANG_WARN_RANGE_LOOP_ANALYSIS = YES;
				CLANG_WARN_STRICT_PROTOTYPES = YES;
				CLANG_WARN_SUSPICIOUS_MOVE = YES;
				CLANG_WARN_UNGUARDED_AVAILABILITY = YES_AGGRESSIVE;
				CLANG_WARN_UNREACHABLE_CODE = YES;
				CLANG_WARN__DUPLICATE_METHOD_MATCH = YES;
				CODE_SIGN_IDENTITY = "-";
				COPY_PHASE_STRIP = NO;
				DEBUG_INFORMATION_FORMAT = "dwarf-with-dsym";
				ENABLE_NS_ASSERTIONS = NO;
				ENABLE_STRICT_OBJC_MSGSEND = YES;
				GCC_C_LANGUAGE_STANDARD = gnu11;
				GCC_NO_COMMON_BLOCKS = YES;
				GCC_WARN_64_TO_32_BIT_CONVERSION = YES;
				GCC_WARN_ABOUT_RETURN_TYPE = YES_ERROR;
				GCC_WARN_UNDECLARED_SELECTOR = YES;
				GCC_WARN_UNINITIALIZED_AUTOS = YES_AGGRESSIVE;
				GCC_WARN_UNUSED_FUNCTION = YES;
				GCC_WARN_UNUSED_VARIABLE = YES;
				MACOSX_DEPLOYMENT_TARGET = 10.12;
				MTL_ENABLE_DEBUG_INFO = NO;
				SDKROOT = macosx;
			};
			name = Release;
		};
		2C256CD11F990320004F8E5B /* Debug */ = {
			isa = XCBuildConfiguration;
			buildSettings = {
				ASSETCATALOG_COMPILER_APPICON_NAME = AppIcon;
				CODE_SIGN_ENTITLEMENTS = "Requirement Editor/Requirement_Editor.entitlements";
				CODE_SIGN_STYLE = Automatic;
				COMBINE_HIDPI_IMAGES = YES;
				INFOPLIST_FILE = "Requirement Editor/Info.plist";
				LD_RUNPATH_SEARCH_PATHS = "$(inherited) @executable_path/../Frameworks";
				PRODUCT_BUNDLE_IDENTIFIER = "com.etbits.com.projects.Requirement-Editor";
				PRODUCT_NAME = "$(TARGET_NAME)";
			};
			name = Debug;
		};
		2C256CD21F990320004F8E5B /* Release */ = {
			isa = XCBuildConfiguration;
			buildSettings = {
				ASSETCATALOG_COMPILER_APPICON_NAME = AppIcon;
				CODE_SIGN_ENTITLEMENTS = "Requirement Editor/Requirement_Editor.entitlements";
				CODE_SIGN_STYLE = Automatic;
				COMBINE_HIDPI_IMAGES = YES;
				INFOPLIST_FILE = "Requirement Editor/Info.plist";
				LD_RUNPATH_SEARCH_PATHS = "$(inherited) @executable_path/../Frameworks";
				PRODUCT_BUNDLE_IDENTIFIER = "com.etbits.com.projects.Requirement-Editor";
				PRODUCT_NAME = "$(TARGET_NAME)";
			};
			name = Release;
		};
		2C256CD41F990320004F8E5B /* Debug */ = {
			isa = XCBuildConfiguration;
			buildSettings = {
				BUNDLE_LOADER = "$(TEST_HOST)";
				CODE_SIGN_STYLE = Automatic;
				COMBINE_HIDPI_IMAGES = YES;
				INFOPLIST_FILE = "Requirement EditorTests/Info.plist";
				LD_RUNPATH_SEARCH_PATHS = "$(inherited) @executable_path/../Frameworks @loader_path/../Frameworks";
				PRODUCT_BUNDLE_IDENTIFIER = "com.etbits.com.projects.Requirement-EditorTests";
				PRODUCT_NAME = "$(TARGET_NAME)";
				TEST_HOST = "$(BUILT_PRODUCTS_DIR)/Requirement Editor.app/Contents/MacOS/Requirement Editor";
			};
			name = Debug;
		};
		2C256CD51F990320004F8E5B /* Release */ = {
			isa = XCBuildConfiguration;
			buildSettings = {
				BUNDLE_LOADER = "$(TEST_HOST)";
				CODE_SIGN_STYLE = Automatic;
				COMBINE_HIDPI_IMAGES = YES;
				INFOPLIST_FILE = "Requirement EditorTests/Info.plist";
				LD_RUNPATH_SEARCH_PATHS = "$(inherited) @executable_path/../Frameworks @loader_path/../Frameworks";
				PRODUCT_BUNDLE_IDENTIFIER = "com.etbits.com.projects.Requirement-EditorTests";
				PRODUCT_NAME = "$(TARGET_NAME)";
				TEST_HOST = "$(BUILT_PRODUCTS_DIR)/Requirement Editor.app/Contents/MacOS/Requirement Editor";
			};
			name = Release;
		};
		2C256CD71F990320004F8E5B /* Debug */ = {
			isa = XCBuildConfiguration;
			buildSettings = {
				CODE_SIGN_STYLE = Automatic;
				COMBINE_HIDPI_IMAGES = YES;
				INFOPLIST_FILE = "Requirement EditorUITests/Info.plist";
				LD_RUNPATH_SEARCH_PATHS = "$(inherited) @executable_path/../Frameworks @loader_path/../Frameworks";
				PRODUCT_BUNDLE_IDENTIFIER = "com.etbits.com.projects.Requirement-EditorUITests";
				PRODUCT_NAME = "$(TARGET_NAME)";
				TEST_TARGET_NAME = "Requirement Editor";
			};
			name = Debug;
		};
		2C256CD81F990320004F8E5B /* Release */ = {
			isa = XCBuildConfiguration;
			buildSettings = {
				CODE_SIGN_STYLE = Automatic;
				COMBINE_HIDPI_IMAGES = YES;
				INFOPLIST_FILE = "Requirement EditorUITests/Info.plist";
				LD_RUNPATH_SEARCH_PATHS = "$(inherited) @executable_path/../Frameworks @loader_path/../Frameworks";
				PRODUCT_BUNDLE_IDENTIFIER = "com.etbits.com.projects.Requirement-EditorUITests";
				PRODUCT_NAME = "$(TARGET_NAME)";
				TEST_TARGET_NAME = "Requirement Editor";
			};
			name = Release;
		};
/* End XCBuildConfiguration section */

/* Begin XCConfigurationList section */
		2C256CA11F990320004F8E5B /* Build configuration list for PBXProject "Requirement Editor" */ = {
			isa = XCConfigurationList;
			buildConfigurations = (
				2C256CCE1F990320004F8E5B /* Debug */,
				2C256CCF1F990320004F8E5B /* Release */,
			);
			defaultConfigurationIsVisible = 0;
			defaultConfigurationName = Release;
		};
		2C256CD01F990320004F8E5B /* Build configuration list for PBXNativeTarget "Requirement Editor" */ = {
			isa = XCConfigurationList;
			buildConfigurations = (
				2C256CD11F990320004F8E5B /* Debug */,
				2C256CD21F990320004F8E5B /* Release */,
			);
			defaultConfigurationIsVisible = 0;
			defaultConfigurationName = Release;
		};
		2C256CD31F990320004F8E5B /* Build configuration list for PBXNativeTarget "Requirement EditorTests" */ = {
			isa = XCConfigurationList;
			buildConfigurations = (
				2C256CD41F990320004F8E5B /* Debug */,
				2C256CD51F990320004F8E5B /* Release */,
			);
			defaultConfigurationIsVisible = 0;
			defaultConfigurationName = Release;
		};
		2C256CD61F990320004F8E5B /* Build configuration list for PBXNativeTarget "Requirement EditorUITests" */ = {
			isa = XCConfigurationList;
			buildConfigurations = (
				2C256CD71F990320004F8E5B /* Debug */,
				2C256CD81F990320004F8E5B /* Release */,
			);
			defaultConfigurationIsVisible = 0;
			defaultConfigurationName = Release;
		};
/* End XCConfigurationList section */
	};
	rootObject = 2C256C9E1F990320004F8E5B /* Project object */;
}
